
Microsoft Visual Studio Solution File, Format Version 12.00
# Visual Studio Version 16
VisualStudioVersion = 25.0.1704.2
MinimumVisualStudioVersion = 10.0.40219.1
Project("{FAE04EC0-301F-11D3-BF4B-00C04F79EFBC}") = "foroperation", "foroperation\foroperation.csproj", "{643E68BA-F488-4D44-A71F-B21DC8F4DA88}"
EndProject
Global
	GlobalSection(SolutionConfigurationPlatforms) = preSolution
		Debug|Any CPU = Debug|Any CPU
		Release|Any CPU = Release|Any CPU
	EndGlobalSection
	GlobalSection(ProjectConfigurationPlatforms) = postSolution
		{643E68BA-F488-4D44-A71F-B21DC8F4DA88}.Debug|Any CPU.ActiveCfg = Debug|Any CPU
		{643E68BA-F488-4D44-A71F-B21DC8F4DA88}.Debug|Any CPU.Build.0 = Debug|Any CPU
		{643E68BA-F488-4D44-A71F-B21DC8F4DA88}.Release|Any CPU.ActiveCfg = Release|Any CPU
		{643E68BA-F488-4D44-A71F-B21DC8F4DA88}.Release|Any CPU.Build.0 = Release|Any CPU
	EndGlobalSection
	GlobalSection(SolutionProperties) = preSolution
		HideSolutionNode = FALSE
	EndGlobalSection
	GlobalSection(ExtensibilityGlobals) = postSolution
		SolutionGuid = {5718B93D-2848-4F59-A492-B3A53D5D7A95}
	EndGlobalSection
EndGlobal
